{
  "name": "node-powhash",
  "version": "29.1.7",
  "lockfileVersion": 3,
  "requires": true,
  "packages": {
    "": {
      "name": "node-powhash",
      "version": "29.1.7",
      "os": [
        "linux",
        "darwin"
      ],
      "dependencies": {
        "bindings": "1.5.0",
        "blake2": "5.0.1",
        "nan": "2.26.2"
      },
      "engines": {
        "node": ">=18"
      }
    },
    "node_modules/bindings": {
      "version": "1.5.0",
      "resolved": "https://registry.npmjs.org/bindings/-/bindings-1.5.0.tgz",
      "integrity": "sha512-p2q/t/mhvuOj/UeLlV6566GD/guowlr0hHxClI0W9m7MWYkL1F0hLo+0Aexs9HSPCtR1SXQ0TD3MMKrXZajbiQ==",
      "dependencies": {
        "file-uri-to-path": "1.0.0"
      }
    },
    "node_modules/blake2": {
      "version": "5.0.1",
      "resolved": "https://registry.npmjs.org/blake2/-/blake2-5.0.1.tgz",
      "integrity": "sha512-dIg2CknHyB854mKclXtxOx4QSrDLk5+z8IgO9t0NfZcfrUR6d5mNrh89cxn3wTiM2sKm7YkxcWsS+r9zf9sqig==",
      "hasInstallScript": true,
      "dependencies": {
        "nan": "^2.24.0"
      },
      "engines": {
        "node": ">= 12.0.0"
      }
    },
    "node_modules/file-uri-to-path": {
      "version": "1.0.0",
      "resolved": "https://registry.npmjs.org/file-uri-to-path/-/file-uri-to-path-1.0.0.tgz",
      "integrity": "sha512-0Zt+s3L7Vf1biwWZ29aARiVYLx7iMGnEUl9x33fbB/j3jR81u/O2LbqK+Bm1CDSNDKVtJ/YjwY7TUd5SkeLQLw=="
    },
    "node_modules/nan": {
      "version": "2.26.2",
      "resolved": "https://registry.npmjs.org/nan/-/nan-2.26.2.tgz",
      "integrity": "sha512-0tTvBTYkt3tdGw22nrAy50x7gpbGCCFH3AFcyS5WiUu7Eu4vWlri1woE6qHBSfy11vksDqkiwjOnlR7WV8G1Hw=="
    }
  }
}
